
Microsoft Visual Studio Solution File, Format Version 12.00
# Visual Studio Version 17
VisualStudioVersion = 17.8.34511.84
MinimumVisualStudioVersion = 10.0.40219.1
Project("{FAE04EC0-301F-11D3-BF4B-00C04F79EFBC}") = "smt5v.SMT5V_Logger", "smt5v.SMT5V_Logger\smt5v.SMT5V_Logger.csproj", "{6F93686F-C78A-4775-BAFA-42A7E4DBE394}"
EndProject
Global
	GlobalSection(SolutionConfigurationPlatforms) = preSolution
		Debug|Any CPU = Debug|Any CPU
		Release|Any CPU = Release|Any CPU
	EndGlobalSection
	GlobalSection(ProjectConfigurationPlatforms) = postSolution
		{6F93686F-C78A-4775-BAFA-42A7E4DBE394}.Debug|Any CPU.ActiveCfg = Debug|Any CPU
		{6F93686F-C78A-4775-BAFA-42A7E4DBE394}.Debug|Any CPU.Build.0 = Debug|Any CPU
		{6F93686F-C78A-4775-BAFA-42A7E4DBE394}.Release|Any CPU.ActiveCfg = Release|Any CPU
		{6F93686F-C78A-4775-BAFA-42A7E4DBE394}.Release|Any CPU.Build.0 = Release|Any CPU
	EndGlobalSection
	GlobalSection(SolutionProperties) = preSolution
		HideSolutionNode = FALSE
	EndGlobalSection
	GlobalSection(ExtensibilityGlobals) = postSolution
		SolutionGuid = {C430402B-7CC0-4986-89AA-6CE57EFED5E2}
	EndGlobalSection
EndGlobal
